
Microsoft Visual Studio Solution File, Format Version 12.00
# Visual Studio Version 17
VisualStudioVersion = 17.6.33723.286
MinimumVisualStudioVersion = 10.0.40219.1
Project("{9A19103F-16F7-4668-BE54-9A1E7A4F7556}") = "REST_dNET_DBB_Clnt_HiriartCoralesSamaniego", "REST_dNET_DBB_Clnt_HiriartCoralesSamaniego.csproj", "{641C5568-B102-4165-B687-63BDF32FBC60}"
EndProject
Global
	GlobalSection(SolutionConfigurationPlatforms) = preSolution
		Debug|Any CPU = Debug|Any CPU
		Release|Any CPU = Release|Any CPU
	EndGlobalSection
	GlobalSection(ProjectConfigurationPlatforms) = postSolution
		{641C5568-B102-4165-B687-63BDF32FBC60}.Debug|Any CPU.ActiveCfg = Debug|Any CPU
		{641C5568-B102-4165-B687-63BDF32FBC60}.Debug|Any CPU.Build.0 = Debug|Any CPU
		{641C5568-B102-4165-B687-63BDF32FBC60}.Release|Any CPU.ActiveCfg = Release|Any CPU
		{641C5568-B102-4165-B687-63BDF32FBC60}.Release|Any CPU.Build.0 = Release|Any CPU
	EndGlobalSection
	GlobalSection(SolutionProperties) = preSolution
		HideSolutionNode = FALSE
	EndGlobalSection
	GlobalSection(ExtensibilityGlobals) = postSolution
		SolutionGuid = {EAF868E0-54DE-4D19-BA41-B3040EFF5EF2}
	EndGlobalSection
EndGlobal
